
Microsoft Visual Studio Solution File, Format Version 12.00
# Visual Studio Version 17
VisualStudioVersion = 17.0.33214.273
MinimumVisualStudioVersion = 10.0.40219.1
Project("{FAE04EC0-301F-11D3-BF4B-00C04F79EFBC}") = "JenkinsAssignment", "JenkinsAssignment\JenkinsAssignment.csproj", "{7800E7B1-14FF-4F5D-8959-B99D97847278}"
EndProject
Global
	GlobalSection(SolutionConfigurationPlatforms) = preSolution
		Debug|Any CPU = Debug|Any CPU
		Release|Any CPU = Release|Any CPU
	EndGlobalSection
	GlobalSection(ProjectConfigurationPlatforms) = postSolution
		{7800E7B1-14FF-4F5D-8959-B99D97847278}.Debug|Any CPU.ActiveCfg = Debug|Any CPU
		{7800E7B1-14FF-4F5D-8959-B99D97847278}.Debug|Any CPU.Build.0 = Debug|Any CPU
		{7800E7B1-14FF-4F5D-8959-B99D97847278}.Release|Any CPU.ActiveCfg = Release|Any CPU
		{7800E7B1-14FF-4F5D-8959-B99D97847278}.Release|Any CPU.Build.0 = Release|Any CPU
	EndGlobalSection
	GlobalSection(SolutionProperties) = preSolution
		HideSolutionNode = FALSE
	EndGlobalSection
	GlobalSection(ExtensibilityGlobals) = postSolution
		SolutionGuid = {EBB15FD1-DDC3-4356-8446-0E088CCD7D14}
	EndGlobalSection
EndGlobal
